
Microsoft Visual Studio Solution File, Format Version 12.00
# Visual Studio Version 17
VisualStudioVersion = 17.7.34031.279
MinimumVisualStudioVersion = 10.0.40219.1
Project("{2150E333-8FDC-42A3-9474-1A3956D46DE8}") = "Uzduotis21", "Uzduotis21", "{0169C68D-21D0-45A8-895B-1AB8FB0B7024}"
EndProject
Project("{FAE04EC0-301F-11D3-BF4B-00C04F79EFBC}") = "Uzduotis21_Masyvai", "Uzduotis21_Masyvai\Uzduotis21_Masyvai.csproj", "{E4366A26-B883-474D-9261-627710B08715}"
EndProject
Project("{2150E333-8FDC-42A3-9474-1A3956D46DE8}") = "Uzduotis22", "Uzduotis22", "{5F5CE609-7BAE-45B1-BFAB-9928AB30BEEA}"
EndProject
Project("{FAE04EC0-301F-11D3-BF4B-00C04F79EFBC}") = "Uzduotis22", "Uzduotis22\Uzduotis22.csproj", "{2155190F-9053-4AF9-ADD9-437BC8160BF6}"
EndProject
Project("{2150E333-8FDC-42A3-9474-1A3956D46DE8}") = "Uzduotis23", "Uzduotis23", "{5CA9126D-B18B-428C-96FD-9349E954A376}"
EndProject
Project("{FAE04EC0-301F-11D3-BF4B-00C04F79EFBC}") = "Uzduotis23", "Uzduotis23\Uzduotis23.csproj", "{33E262E6-46B3-4AB7-B145-9F843283E9D0}"
EndProject
Project("{2150E333-8FDC-42A3-9474-1A3956D46DE8}") = "Uzduotis24", "Uzduotis24", "{CAA2E2D6-9A1E-4CCF-B7D0-86212D9C324E}"
EndProject
Project("{FAE04EC0-301F-11D3-BF4B-00C04F79EFBC}") = "Uzduotis24", "Uzduotis24\Uzduotis24.csproj", "{62F315D9-0B02-4F74-ACCF-1A834099202F}"
EndProject
Project("{2150E333-8FDC-42A3-9474-1A3956D46DE8}") = "Uzduotis26", "Uzduotis26", "{FB2E4F2D-26EF-4A0E-B800-F3B8757664D2}"
EndProject
Project("{FAE04EC0-301F-11D3-BF4B-00C04F79EFBC}") = "Uzduotis26", "Uzduotis26\Uzduotis26.csproj", "{AFCF995A-733D-4EDB-8508-F579B8DE85EC}"
EndProject
Global
	GlobalSection(SolutionConfigurationPlatforms) = preSolution
		Debug|Any CPU = Debug|Any CPU
		Release|Any CPU = Release|Any CPU
	EndGlobalSection
	GlobalSection(ProjectConfigurationPlatforms) = postSolution
		{E4366A26-B883-474D-9261-627710B08715}.Debug|Any CPU.ActiveCfg = Debug|Any CPU
		{E4366A26-B883-474D-9261-627710B08715}.Debug|Any CPU.Build.0 = Debug|Any CPU
		{E4366A26-B883-474D-9261-627710B08715}.Release|Any CPU.ActiveCfg = Release|Any CPU
		{E4366A26-B883-474D-9261-627710B08715}.Release|Any CPU.Build.0 = Release|Any CPU
		{2155190F-9053-4AF9-ADD9-437BC8160BF6}.Debug|Any CPU.ActiveCfg = Debug|Any CPU
		{2155190F-9053-4AF9-ADD9-437BC8160BF6}.Debug|Any CPU.Build.0 = Debug|Any CPU
		{2155190F-9053-4AF9-ADD9-437BC8160BF6}.Release|Any CPU.ActiveCfg = Release|Any CPU
		{2155190F-9053-4AF9-ADD9-437BC8160BF6}.Release|Any CPU.Build.0 = Release|Any CPU
		{33E262E6-46B3-4AB7-B145-9F843283E9D0}.Debug|Any CPU.ActiveCfg = Debug|Any CPU
		{33E262E6-46B3-4AB7-B145-9F843283E9D0}.Debug|Any CPU.Build.0 = Debug|Any CPU
		{33E262E6-46B3-4AB7-B145-9F843283E9D0}.Release|Any CPU.ActiveCfg = Release|Any CPU
		{33E262E6-46B3-4AB7-B145-9F843283E9D0}.Release|Any CPU.Build.0 = Release|Any CPU
		{62F315D9-0B02-4F74-ACCF-1A834099202F}.Debug|Any CPU.ActiveCfg = Debug|Any CPU
		{62F315D9-0B02-4F74-ACCF-1A834099202F}.Debug|Any CPU.Build.0 = Debug|Any CPU
		{62F315D9-0B02-4F74-ACCF-1A834099202F}.Release|Any CPU.ActiveCfg = Release|Any CPU
		{62F315D9-0B02-4F74-ACCF-1A834099202F}.Release|Any CPU.Build.0 = Release|Any CPU
		{AFCF995A-733D-4EDB-8508-F579B8DE85EC}.Debug|Any CPU.ActiveCfg = Debug|Any CPU
		{AFCF995A-733D-4EDB-8508-F579B8DE85EC}.Debug|Any CPU.Build.0 = Debug|Any CPU
		{AFCF995A-733D-4EDB-8508-F579B8DE85EC}.Release|Any CPU.ActiveCfg = Release|Any CPU
		{AFCF995A-733D-4EDB-8508-F579B8DE85EC}.Release|Any CPU.Build.0 = Release|Any CPU
	EndGlobalSection
	GlobalSection(SolutionProperties) = preSolution
		HideSolutionNode = FALSE
	EndGlobalSection
	GlobalSection(NestedProjects) = preSolution
		{E4366A26-B883-474D-9261-627710B08715} = {0169C68D-21D0-45A8-895B-1AB8FB0B7024}
		{2155190F-9053-4AF9-ADD9-437BC8160BF6} = {5F5CE609-7BAE-45B1-BFAB-9928AB30BEEA}
		{33E262E6-46B3-4AB7-B145-9F843283E9D0} = {5CA9126D-B18B-428C-96FD-9349E954A376}
		{62F315D9-0B02-4F74-ACCF-1A834099202F} = {CAA2E2D6-9A1E-4CCF-B7D0-86212D9C324E}
		{AFCF995A-733D-4EDB-8508-F579B8DE85EC} = {FB2E4F2D-26EF-4A0E-B800-F3B8757664D2}
	EndGlobalSection
	GlobalSection(ExtensibilityGlobals) = postSolution
		SolutionGuid = {6131E126-C3D0-4E39-8E2E-82AA8B32C5EA}
	EndGlobalSection
EndGlobal
