
Microsoft Visual Studio Solution File, Format Version 12.00
# Visual Studio Version 17
VisualStudioVersion = 17.7.34031.279
MinimumVisualStudioVersion = 10.0.40219.1
Project("{2150E333-8FDC-42A3-9474-1A3956D46DE8}") = "Uzduotis21", "Uzduotis21", "{0169C68D-21D0-45A8-895B-1AB8FB0B7024}"
EndProject
Project("{FAE04EC0-301F-11D3-BF4B-00C04F79EFBC}") = "Uzduotis21_Masyvai", "Uzduotis21_Masyvai\Uzduotis21_Masyvai.csproj", "{E4366A26-B883-474D-9261-627710B08715}"
EndProject
Project("{2150E333-8FDC-42A3-9474-1A3956D46DE8}") = "Uzduotis22", "Uzduotis22", "{5F5CE609-7BAE-45B1-BFAB-9928AB30BEEA}"
EndProject
Project("{FAE04EC0-301F-11D3-BF4B-00C04F79EFBC}") = "Uzduotis22", "Uzduotis22\Uzduotis22.csproj", "{2155190F-9053-4AF9-ADD9-437BC8160BF6}"
EndProject
Project("{2150E333-8FDC-42A3-9474-1A3956D46DE8}") = "Uzduotis23", "Uzduotis23", "{5CA9126D-B18B-428C-96FD-9349E954A376}"
EndProject
Project("{FAE04EC0-301F-11D3-BF4B-00C04F79EFBC}") = "Uzduotis23", "Uzduotis23\Uzduotis23.csproj", "{33E262E6-46B3-4AB7-B145-9F843283E9D0}"
EndProject
Project("{2150E333-8FDC-42A3-9474-1A3956D46DE8}") = "Uzduotis24", "Uzduotis24", "{CAA2E2D6-9A1E-4CCF-B7D0-86212D9C324E}"
EndProject
Project("{FAE04EC0-301F-11D3-BF4B-00C04F79EFBC}") = "Uzduotis24", "Uzduotis24\Uzduotis24.csproj", "{62F315D9-0B02-4F74-ACCF-1A834099202F}"
EndProject
Project("{2150E333-8FDC-42A3-9474-1A3956D46DE8}") = "Uzduotis26", "Uzduotis26", "{FB2E4F2D-26EF-4A0E-B800-F3B8757664D2}"
EndProject
Project("{FAE04EC0-301F-11D3-BF4B-00C04F79EFBC}") = "Uzduotis26", "Uzduotis26\Uzduotis26.csproj", "{AFCF995A-733D-4EDB-8508-F579B8DE85EC}"
EndProject
Project("{2150E333-8FDC-42A3-9474-1A3956D46DE8}") = "Uzduotis27", "Uzduotis27", "{95701E4A-668F-4828-B97D-BA4ED6FE545B}"
EndProject
Project("{FAE04EC0-301F-11D3-BF4B-00C04F79EFBC}") = "Uzduotis27", "Uzduotis27\Uzduotis27.csproj", "{8E8762A4-F4B0-49E8-96C1-985F971B63A4}"
EndProject
Project("{2150E333-8FDC-42A3-9474-1A3956D46DE8}") = "Uzduotis28", "Uzduotis28", "{439143FC-C759-4994-A248-C00D6EE0FFBA}"
EndProject
Project("{FAE04EC0-301F-11D3-BF4B-00C04F79EFBC}") = "Uzduotis28", "Uzduotis28\Uzduotis28.csproj", "{BC2AB939-A2A9-42F4-B869-DD31625E9CDD}"
EndProject
Project("{2150E333-8FDC-42A3-9474-1A3956D46DE8}") = "Uzduotis29", "Uzduotis29", "{F9CE44B4-95F3-438A-9CF8-992BD1ABA1A4}"
EndProject
Project("{FAE04EC0-301F-11D3-BF4B-00C04F79EFBC}") = "Uzduotis29", "Uzduotis29\Uzduotis29.csproj", "{B55E178C-AE9E-4DB3-9BAA-0BC90545C4B1}"
EndProject
Project("{2150E333-8FDC-42A3-9474-1A3956D46DE8}") = "Uzduotis30", "Uzduotis30", "{019A7C8F-A1A8-4BBD-9F10-A41F9DB724B3}"
EndProject
Project("{FAE04EC0-301F-11D3-BF4B-00C04F79EFBC}") = "Uzduotis30", "Uzduotis30\Uzduotis30.csproj", "{BF112041-ED92-4AFE-9E1D-5D71548626BC}"
EndProject
Project("{2150E333-8FDC-42A3-9474-1A3956D46DE8}") = "Uzduotis31", "Uzduotis31", "{4CD81F6F-1472-4118-953C-BB4FF96E1749}"
EndProject
Project("{FAE04EC0-301F-11D3-BF4B-00C04F79EFBC}") = "Uzduotis31", "Uzduotis31\Uzduotis31.csproj", "{BFB00E84-7D29-4BD8-A084-C3F6E412D5FD}"
EndProject
Project("{2150E333-8FDC-42A3-9474-1A3956D46DE8}") = "Uzduotis32", "Uzduotis32", "{5F7C7E11-7B89-4F49-A459-2483D4F84011}"
EndProject
Project("{FAE04EC0-301F-11D3-BF4B-00C04F79EFBC}") = "Uzduotis32", "Uzduotis32\Uzduotis32.csproj", "{4816A0D4-1A9F-4A99-8544-4B7FCA860F21}"
EndProject
Project("{2150E333-8FDC-42A3-9474-1A3956D46DE8}") = "Uzduotis33", "Uzduotis33", "{3ACFA5A3-8A43-43C6-BB84-8572B7886C7C}"
EndProject
Project("{FAE04EC0-301F-11D3-BF4B-00C04F79EFBC}") = "Uzduotis33", "Uzduotis33\Uzduotis33.csproj", "{D210C7A1-42D0-4BF7-B401-A2F9F874964A}"
EndProject
Project("{2150E333-8FDC-42A3-9474-1A3956D46DE8}") = "Uzduotis34", "Uzduotis34", "{9E994A65-8B3D-4A4B-AD13-8EB046ACE1D9}"
EndProject
Project("{FAE04EC0-301F-11D3-BF4B-00C04F79EFBC}") = "Uzduotis34", "Uzduotis34\Uzduotis34.csproj", "{2E393FDC-6DD0-4984-AE05-E96FC0BC7DB7}"
EndProject
Project("{2150E333-8FDC-42A3-9474-1A3956D46DE8}") = "Uzduotis35", "Uzduotis35", "{94ED375C-A5D7-49CC-B2C8-9738AD25F35F}"
EndProject
Project("{FAE04EC0-301F-11D3-BF4B-00C04F79EFBC}") = "Uzduotis35", "Uzduotis35\Uzduotis35.csproj", "{C764CAF2-E7B8-4C3D-AF65-B0D2BD8C7BB8}"
EndProject
Global
	GlobalSection(SolutionConfigurationPlatforms) = preSolution
		Debug|Any CPU = Debug|Any CPU
		Release|Any CPU = Release|Any CPU
	EndGlobalSection
	GlobalSection(ProjectConfigurationPlatforms) = postSolution
		{E4366A26-B883-474D-9261-627710B08715}.Debug|Any CPU.ActiveCfg = Debug|Any CPU
		{E4366A26-B883-474D-9261-627710B08715}.Debug|Any CPU.Build.0 = Debug|Any CPU
		{E4366A26-B883-474D-9261-627710B08715}.Release|Any CPU.ActiveCfg = Release|Any CPU
		{E4366A26-B883-474D-9261-627710B08715}.Release|Any CPU.Build.0 = Release|Any CPU
		{2155190F-9053-4AF9-ADD9-437BC8160BF6}.Debug|Any CPU.ActiveCfg = Debug|Any CPU
		{2155190F-9053-4AF9-ADD9-437BC8160BF6}.Debug|Any CPU.Build.0 = Debug|Any CPU
		{2155190F-9053-4AF9-ADD9-437BC8160BF6}.Release|Any CPU.ActiveCfg = Release|Any CPU
		{2155190F-9053-4AF9-ADD9-437BC8160BF6}.Release|Any CPU.Build.0 = Release|Any CPU
		{33E262E6-46B3-4AB7-B145-9F843283E9D0}.Debug|Any CPU.ActiveCfg = Debug|Any CPU
		{33E262E6-46B3-4AB7-B145-9F843283E9D0}.Debug|Any CPU.Build.0 = Debug|Any CPU
		{33E262E6-46B3-4AB7-B145-9F843283E9D0}.Release|Any CPU.ActiveCfg = Release|Any CPU
		{33E262E6-46B3-4AB7-B145-9F843283E9D0}.Release|Any CPU.Build.0 = Release|Any CPU
		{62F315D9-0B02-4F74-ACCF-1A834099202F}.Debug|Any CPU.ActiveCfg = Debug|Any CPU
		{62F315D9-0B02-4F74-ACCF-1A834099202F}.Debug|Any CPU.Build.0 = Debug|Any CPU
		{62F315D9-0B02-4F74-ACCF-1A834099202F}.Release|Any CPU.ActiveCfg = Release|Any CPU
		{62F315D9-0B02-4F74-ACCF-1A834099202F}.Release|Any CPU.Build.0 = Release|Any CPU
		{AFCF995A-733D-4EDB-8508-F579B8DE85EC}.Debug|Any CPU.ActiveCfg = Debug|Any CPU
		{AFCF995A-733D-4EDB-8508-F579B8DE85EC}.Debug|Any CPU.Build.0 = Debug|Any CPU
		{AFCF995A-733D-4EDB-8508-F579B8DE85EC}.Release|Any CPU.ActiveCfg = Release|Any CPU
		{AFCF995A-733D-4EDB-8508-F579B8DE85EC}.Release|Any CPU.Build.0 = Release|Any CPU
		{8E8762A4-F4B0-49E8-96C1-985F971B63A4}.Debug|Any CPU.ActiveCfg = Debug|Any CPU
		{8E8762A4-F4B0-49E8-96C1-985F971B63A4}.Debug|Any CPU.Build.0 = Debug|Any CPU
		{8E8762A4-F4B0-49E8-96C1-985F971B63A4}.Release|Any CPU.ActiveCfg = Release|Any CPU
		{8E8762A4-F4B0-49E8-96C1-985F971B63A4}.Release|Any CPU.Build.0 = Release|Any CPU
		{BC2AB939-A2A9-42F4-B869-DD31625E9CDD}.Debug|Any CPU.ActiveCfg = Debug|Any CPU
		{BC2AB939-A2A9-42F4-B869-DD31625E9CDD}.Debug|Any CPU.Build.0 = Debug|Any CPU
		{BC2AB939-A2A9-42F4-B869-DD31625E9CDD}.Release|Any CPU.ActiveCfg = Release|Any CPU
		{BC2AB939-A2A9-42F4-B869-DD31625E9CDD}.Release|Any CPU.Build.0 = Release|Any CPU
		{B55E178C-AE9E-4DB3-9BAA-0BC90545C4B1}.Debug|Any CPU.ActiveCfg = Debug|Any CPU
		{B55E178C-AE9E-4DB3-9BAA-0BC90545C4B1}.Debug|Any CPU.Build.0 = Debug|Any CPU
		{B55E178C-AE9E-4DB3-9BAA-0BC90545C4B1}.Release|Any CPU.ActiveCfg = Release|Any CPU
		{B55E178C-AE9E-4DB3-9BAA-0BC90545C4B1}.Release|Any CPU.Build.0 = Release|Any CPU
		{BF112041-ED92-4AFE-9E1D-5D71548626BC}.Debug|Any CPU.ActiveCfg = Debug|Any CPU
		{BF112041-ED92-4AFE-9E1D-5D71548626BC}.Debug|Any CPU.Build.0 = Debug|Any CPU
		{BF112041-ED92-4AFE-9E1D-5D71548626BC}.Release|Any CPU.ActiveCfg = Release|Any CPU
		{BF112041-ED92-4AFE-9E1D-5D71548626BC}.Release|Any CPU.Build.0 = Release|Any CPU
		{BFB00E84-7D29-4BD8-A084-C3F6E412D5FD}.Debug|Any CPU.ActiveCfg = Debug|Any CPU
		{BFB00E84-7D29-4BD8-A084-C3F6E412D5FD}.Debug|Any CPU.Build.0 = Debug|Any CPU
		{BFB00E84-7D29-4BD8-A084-C3F6E412D5FD}.Release|Any CPU.ActiveCfg = Release|Any CPU
		{BFB00E84-7D29-4BD8-A084-C3F6E412D5FD}.Release|Any CPU.Build.0 = Release|Any CPU
		{4816A0D4-1A9F-4A99-8544-4B7FCA860F21}.Debug|Any CPU.ActiveCfg = Debug|Any CPU
		{4816A0D4-1A9F-4A99-8544-4B7FCA860F21}.Debug|Any CPU.Build.0 = Debug|Any CPU
		{4816A0D4-1A9F-4A99-8544-4B7FCA860F21}.Release|Any CPU.ActiveCfg = Release|Any CPU
		{4816A0D4-1A9F-4A99-8544-4B7FCA860F21}.Release|Any CPU.Build.0 = Release|Any CPU
		{D210C7A1-42D0-4BF7-B401-A2F9F874964A}.Debug|Any CPU.ActiveCfg = Debug|Any CPU
		{D210C7A1-42D0-4BF7-B401-A2F9F874964A}.Debug|Any CPU.Build.0 = Debug|Any CPU
		{D210C7A1-42D0-4BF7-B401-A2F9F874964A}.Release|Any CPU.ActiveCfg = Release|Any CPU
		{D210C7A1-42D0-4BF7-B401-A2F9F874964A}.Release|Any CPU.Build.0 = Release|Any CPU
		{2E393FDC-6DD0-4984-AE05-E96FC0BC7DB7}.Debug|Any CPU.ActiveCfg = Debug|Any CPU
		{2E393FDC-6DD0-4984-AE05-E96FC0BC7DB7}.Debug|Any CPU.Build.0 = Debug|Any CPU
		{2E393FDC-6DD0-4984-AE05-E96FC0BC7DB7}.Release|Any CPU.ActiveCfg = Release|Any CPU
		{2E393FDC-6DD0-4984-AE05-E96FC0BC7DB7}.Release|Any CPU.Build.0 = Release|Any CPU
		{C764CAF2-E7B8-4C3D-AF65-B0D2BD8C7BB8}.Debug|Any CPU.ActiveCfg = Debug|Any CPU
		{C764CAF2-E7B8-4C3D-AF65-B0D2BD8C7BB8}.Debug|Any CPU.Build.0 = Debug|Any CPU
		{C764CAF2-E7B8-4C3D-AF65-B0D2BD8C7BB8}.Release|Any CPU.ActiveCfg = Release|Any CPU
		{C764CAF2-E7B8-4C3D-AF65-B0D2BD8C7BB8}.Release|Any CPU.Build.0 = Release|Any CPU
	EndGlobalSection
	GlobalSection(SolutionProperties) = preSolution
		HideSolutionNode = FALSE
	EndGlobalSection
	GlobalSection(NestedProjects) = preSolution
		{E4366A26-B883-474D-9261-627710B08715} = {0169C68D-21D0-45A8-895B-1AB8FB0B7024}
		{2155190F-9053-4AF9-ADD9-437BC8160BF6} = {5F5CE609-7BAE-45B1-BFAB-9928AB30BEEA}
		{33E262E6-46B3-4AB7-B145-9F843283E9D0} = {5CA9126D-B18B-428C-96FD-9349E954A376}
		{62F315D9-0B02-4F74-ACCF-1A834099202F} = {CAA2E2D6-9A1E-4CCF-B7D0-86212D9C324E}
		{AFCF995A-733D-4EDB-8508-F579B8DE85EC} = {FB2E4F2D-26EF-4A0E-B800-F3B8757664D2}
		{8E8762A4-F4B0-49E8-96C1-985F971B63A4} = {95701E4A-668F-4828-B97D-BA4ED6FE545B}
		{BC2AB939-A2A9-42F4-B869-DD31625E9CDD} = {439143FC-C759-4994-A248-C00D6EE0FFBA}
		{B55E178C-AE9E-4DB3-9BAA-0BC90545C4B1} = {F9CE44B4-95F3-438A-9CF8-992BD1ABA1A4}
		{BF112041-ED92-4AFE-9E1D-5D71548626BC} = {019A7C8F-A1A8-4BBD-9F10-A41F9DB724B3}
		{BFB00E84-7D29-4BD8-A084-C3F6E412D5FD} = {4CD81F6F-1472-4118-953C-BB4FF96E1749}
		{4816A0D4-1A9F-4A99-8544-4B7FCA860F21} = {5F7C7E11-7B89-4F49-A459-2483D4F84011}
		{D210C7A1-42D0-4BF7-B401-A2F9F874964A} = {3ACFA5A3-8A43-43C6-BB84-8572B7886C7C}
		{2E393FDC-6DD0-4984-AE05-E96FC0BC7DB7} = {9E994A65-8B3D-4A4B-AD13-8EB046ACE1D9}
		{C764CAF2-E7B8-4C3D-AF65-B0D2BD8C7BB8} = {94ED375C-A5D7-49CC-B2C8-9738AD25F35F}
	EndGlobalSection
	GlobalSection(ExtensibilityGlobals) = postSolution
		SolutionGuid = {6131E126-C3D0-4E39-8E2E-82AA8B32C5EA}
	EndGlobalSection
EndGlobal
